
Microsoft Visual Studio Solution File, Format Version 12.00
# Visual Studio Version 16
VisualStudioVersion = 16.0.33214.272
MinimumVisualStudioVersion = 10.0.40219.1
Project("{FAE04EC0-301F-11D3-BF4B-00C04F79EFBC}") = "Streltsov_DZ3", "Streltsov_DZ3\Streltsov_DZ3.csproj", "{BD451C69-4DCD-4528-9C74-36A065CA7BAD}"
EndProject
Global
	GlobalSection(SolutionConfigurationPlatforms) = preSolution
		Debug|Any CPU = Debug|Any CPU
		Release|Any CPU = Release|Any CPU
	EndGlobalSection
	GlobalSection(ProjectConfigurationPlatforms) = postSolution
		{BD451C69-4DCD-4528-9C74-36A065CA7BAD}.Debug|Any CPU.ActiveCfg = Debug|Any CPU
		{BD451C69-4DCD-4528-9C74-36A065CA7BAD}.Debug|Any CPU.Build.0 = Debug|Any CPU
		{BD451C69-4DCD-4528-9C74-36A065CA7BAD}.Release|Any CPU.ActiveCfg = Release|Any CPU
		{BD451C69-4DCD-4528-9C74-36A065CA7BAD}.Release|Any CPU.Build.0 = Release|Any CPU
	EndGlobalSection
	GlobalSection(SolutionProperties) = preSolution
		HideSolutionNode = FALSE
	EndGlobalSection
	GlobalSection(ExtensibilityGlobals) = postSolution
		SolutionGuid = {36D42E22-D44F-47F7-A7F9-9F65A303E7A7}
	EndGlobalSection
EndGlobal
